{
  "version": "3",
  "remote": {
    "https://deno.land/x/hono@v3.8.2/client/client.ts": "ff340f58041203879972dd368b011ed130c66914f789826610869a90603406bf",
    "https://deno.land/x/hono@v3.8.2/client/index.ts": "3ff4cf246f3543f827a85a2c84d66a025ac350ee927613629bda47e854bfb7ba",
    "https://deno.land/x/hono@v3.8.2/client/types.ts": "f13786e3cc1463d873ac598619631ae49d164bf39160f8620a7ffc526d8eabcd",
    "https://deno.land/x/hono@v3.8.2/client/utils.ts": "053273c002963b549d38268a1b423ac8ca211a8028bdab1ed0b781a62aa5e661",
    "https://deno.land/x/hono@v3.8.2/compose.ts": "501c8ada9d9b0fb375e3c9954ce7c4922cf562bfec8e80744bac47020754034d",
    "https://deno.land/x/hono@v3.8.2/context.ts": "52a63852cac91e03a9494c615cadecb820b9510a7061e16d8afc3fab932e1de1",
    "https://deno.land/x/hono@v3.8.2/helper/cookie/index.ts": "55ccd20bbd8d9a8bb2ecd998e90845c1d306c19027f54b3d1b89a5be35968b80",
    "https://deno.land/x/hono@v3.8.2/hono-base.ts": "998ec910cbe0353407e95b93b7722fa1e39c23a06aa35552ab03441380fd4579",
    "https://deno.land/x/hono@v3.8.2/hono.ts": "2cc4c292e541463a4d6f83edbcea58048d203e9564ae62ec430a3d466b49a865",
    "https://deno.land/x/hono@v3.8.2/http-exception.ts": "6071df078b5f76d279684d52fe82a590f447a64ffe1b75eb5064d0c8a8d2d676",
    "https://deno.land/x/hono@v3.8.2/mod.ts": "90114a97be9111b348129ad0143e764a64921f60dd03b8f3da529db98a0d3a82",
    "https://deno.land/x/hono@v3.8.2/request.ts": "52330303dd7a3bf4f580fde0463ba608bc4c88a8b7b5edd7c1327064c7cf65ce",
    "https://deno.land/x/hono@v3.8.2/router.ts": "39d573f48baee429810cd583c931dd44274273c30804d538c86967d310ea4ab5",
    "https://deno.land/x/hono@v3.8.2/router/linear-router/index.ts": "8a2a7144c50b1f4a92d9ee99c2c396716af144c868e10608255f969695efccd0",
    "https://deno.land/x/hono@v3.8.2/router/linear-router/router.ts": "bc63e8b5bc1dabc815306d50bebd1bb5877ffa3936ba2ad7550d093c95ee6bd1",
    "https://deno.land/x/hono@v3.8.2/router/pattern-router/index.ts": "304a66c50e243872037ed41c7dd79ed0c89d815e17e172e7ad7cdc4bc07d3383",
    "https://deno.land/x/hono@v3.8.2/router/pattern-router/router.ts": "a9a5a2a182cce8c3ae82139892cc0502be7dd8f579f31e76d0302b19b338e548",
    "https://deno.land/x/hono@v3.8.2/router/reg-exp-router/index.ts": "52755829213941756159b7a963097bafde5cc4fc22b13b1c7c9184dc0512d1db",
    "https://deno.land/x/hono@v3.8.2/router/reg-exp-router/node.ts": "5b3fb80411db04c65df066e69fedb2c8c0844753c2633d703336de84d569252c",
    "https://deno.land/x/hono@v3.8.2/router/reg-exp-router/router.ts": "fbe8917aa24fe25d0208bfa82ce7f49ba0507f9ae158d4d0c177f6a061b0a561",
    "https://deno.land/x/hono@v3.8.2/router/reg-exp-router/trie.ts": "852ce7207e6701e47fa30889a0d2b8bfcd56d8862c97e7bc9831e0a64bd8835f",
    "https://deno.land/x/hono@v3.8.2/router/smart-router/index.ts": "74f9b4fe15ea535900f2b9b048581915f12fe94e531dd2b0032f5610e61c3bef",
    "https://deno.land/x/hono@v3.8.2/router/smart-router/router.ts": "71979c06b32b093960a6e8efc4c185e558f280bff18846b8b1cdc757ade6ff99",
    "https://deno.land/x/hono@v3.8.2/router/trie-router/index.ts": "3eb75e7f71ba81801631b30de6b1f5cefb2c7239c03797e2b2cbab5085911b41",
    "https://deno.land/x/hono@v3.8.2/router/trie-router/node.ts": "3af15fa9c9994a8664a2b7a7c11233504b5bb9d4fcf7bb34cf30d7199052c39f",
    "https://deno.land/x/hono@v3.8.2/router/trie-router/router.ts": "54ced78d35676302c8fcdda4204f7bdf5a7cc907fbf9967c75674b1e394f830d",
    "https://deno.land/x/hono@v3.8.2/types.ts": "e63cac1b0a85d585fa8163d1204bb1c029c4b680dc3b13d4ee90dd94bb182d4c",
    "https://deno.land/x/hono@v3.8.2/utils/body.ts": "7a16a6656331a96bcae57642f8d5e3912bd361cbbcc2c0d2157ecc3f218f7a92",
    "https://deno.land/x/hono@v3.8.2/utils/buffer.ts": "9066a973e64498cb262c7e932f47eed525a51677b17f90893862b7279dc0773e",
    "https://deno.land/x/hono@v3.8.2/utils/cookie.ts": "19920ba6756944aae1ad8585c3ddeaa9df479733f59d05359db096f7361e5e4b",
    "https://deno.land/x/hono@v3.8.2/utils/crypto.ts": "bda0e141bbe46d3a4a20f8fbcb6380d473b617123d9fdfa93e4499410b537acc",
    "https://deno.land/x/hono@v3.8.2/utils/http-status.ts": "e0c4343ea7717c314dc600131e16b636c29d61cfdaf9df93b267258d1729d1a0",
    "https://deno.land/x/hono@v3.8.2/utils/stream.ts": "1789dcc73c5b0ede28f83d7d34e47ae432c20e680907cb3275a9c9187f293983",
    "https://deno.land/x/hono@v3.8.2/utils/types.ts": "cbd6f37aa04dc920ca200883695dc92e634e4013485f64a02b7c67443c7f6ad0",
    "https://deno.land/x/hono@v3.8.2/utils/url.ts": "5fc3307ef3cb2e6f34ec2a03e3d7f2126c6a9f5f0eab677222df3f0e40bd7567",
    "https://deno.land/x/hono@v3.8.2/validator/index.ts": "6c986e8b91dcf857ecc8164a506ae8eea8665792a4ff7215471df669c632ae7c",
    "https://deno.land/x/hono@v3.8.2/validator/validator.ts": "afa5e52495e0996fbba61996736fab5c486590d72d376f809e9f9ff4e0c463e9",
    "https://deno.land/x/nhttp@1.3.9/mod.ts": "d0ae92ddd1c18486873544a91ec3bffb8f44d94167bc86a847b3aa19de46d7ad",
    "https://deno.land/x/nhttp@1.3.9/src/body.ts": "e2f40220be2f9e4b1d4db936d479569a012865626c65f52421601ebd91f4499e",
    "https://deno.land/x/nhttp@1.3.9/src/constant.ts": "0c22374722e9afb53109714b2e9613e3bcbc48b903aa227c87ed295b2f2f5dc5",
    "https://deno.land/x/nhttp@1.3.9/src/cookie.ts": "e189d64f76b8e6ce43f496ee64648e8bd6a512206655257ef34414e27b3ca364",
    "https://deno.land/x/nhttp@1.3.9/src/error.ts": "13924b12562b33af0d0e5dd9249a8e8a600d284a803f116401d4835e0243ea2c",
    "https://deno.land/x/nhttp@1.3.9/src/http_response.ts": "8c209420739ebc86eaada21660cbefdb887315f9c8988c4acd6722b8c90b9c6a",
    "https://deno.land/x/nhttp@1.3.9/src/index.ts": "3b5b8c07aa5af67b21b4e009334ba38dd04b19f228ae5789e28a011388143e87",
    "https://deno.land/x/nhttp@1.3.9/src/inspect.ts": "9d0b7f20ae2aa117ec2a0d46b19e5fb284bfd671e89ef067148aa22dbb6c6d47",
    "https://deno.land/x/nhttp@1.3.9/src/multipart.ts": "5a85d2c210e44a3de04e988d46c558ea4decef9417c75fbf62cde285fb01a451",
    "https://deno.land/x/nhttp@1.3.9/src/nhttp.ts": "8430d18d390b7e7a4e388b0ee66c2295d36356d81396cdcc8ea116b40af36e4d",
    "https://deno.land/x/nhttp@1.3.9/src/nhttp_util.ts": "12c48684364001b9c46bfff1d72d89e9a859e69ff04935047ded017de80b92e2",
    "https://deno.land/x/nhttp@1.3.9/src/request_event.ts": "ef6a8576f8db4b1c4eba9e178d87df552289da3dc17e94223a1981351e4f5c7d",
    "https://deno.land/x/nhttp@1.3.9/src/router.ts": "342d15455ffb9787461b423dca88306b048f9a0d5300ef95439e2c0d7369297c",
    "https://deno.land/x/nhttp@1.3.9/src/symbol.ts": "7d03c057f4edd6b9797f9220fd46e03c2efa31e4bea7b0a2d41f2d883595efb7",
    "https://deno.land/x/nhttp@1.3.9/src/types.ts": "66a19173c55258f2a81746012247c0a2e5004d1cc1063f58a140ffc839375663",
    "https://deno.land/x/nhttp@1.3.9/src/utils.ts": "5deb034777702eaac39521ac469aa277d527ad189f7e5bccdc64939d14bf43ed"
  }
}
